
Microsoft Visual Studio Solution File, Format Version 12.00
# Visual Studio Version 17
VisualStudioVersion = 17.13.35828.75 d17.13
MinimumVisualStudioVersion = 10.0.40219.1
Project("{FAE04EC0-301F-11D3-BF4B-00C04F79EFBC}") = "WebbutvecklingLABB2", "WebbutvecklingLABB2\WebbutvecklingLABB2.csproj", "{DA711A89-8F23-42AE-85A7-92FC1E2BC81F}"
EndProject
Project("{FAE04EC0-301F-11D3-BF4B-00C04F79EFBC}") = "WebbutvecklingLABB2.Client", "WebbutvecklingLABB2.Client\WebbutvecklingLABB2.Client\WebbutvecklingLABB2.Client.csproj", "{ED21A47B-989C-48B1-A0B2-EB4B058CC80C}"
EndProject
Project("{FAE04EC0-301F-11D3-BF4B-00C04F79EFBC}") = "WebbutvecklingLABB2.Shared", "WebbutvecklingLABB2.Shared\WebbutvecklingLABB2.Shared.csproj", "{C0581DF6-A357-48A1-B41F-2D1310B96652}"
EndProject
Global
	GlobalSection(SolutionConfigurationPlatforms) = preSolution
		Debug|Any CPU = Debug|Any CPU
		Release|Any CPU = Release|Any CPU
	EndGlobalSection
	GlobalSection(ProjectConfigurationPlatforms) = postSolution
		{DA711A89-8F23-42AE-85A7-92FC1E2BC81F}.Debug|Any CPU.ActiveCfg = Debug|Any CPU
		{DA711A89-8F23-42AE-85A7-92FC1E2BC81F}.Debug|Any CPU.Build.0 = Debug|Any CPU
		{DA711A89-8F23-42AE-85A7-92FC1E2BC81F}.Release|Any CPU.ActiveCfg = Release|Any CPU
		{DA711A89-8F23-42AE-85A7-92FC1E2BC81F}.Release|Any CPU.Build.0 = Release|Any CPU
		{ED21A47B-989C-48B1-A0B2-EB4B058CC80C}.Debug|Any CPU.ActiveCfg = Debug|Any CPU
		{ED21A47B-989C-48B1-A0B2-EB4B058CC80C}.Debug|Any CPU.Build.0 = Debug|Any CPU
		{ED21A47B-989C-48B1-A0B2-EB4B058CC80C}.Release|Any CPU.ActiveCfg = Release|Any CPU
		{ED21A47B-989C-48B1-A0B2-EB4B058CC80C}.Release|Any CPU.Build.0 = Release|Any CPU
		{C0581DF6-A357-48A1-B41F-2D1310B96652}.Debug|Any CPU.ActiveCfg = Debug|Any CPU
		{C0581DF6-A357-48A1-B41F-2D1310B96652}.Debug|Any CPU.Build.0 = Debug|Any CPU
		{C0581DF6-A357-48A1-B41F-2D1310B96652}.Release|Any CPU.ActiveCfg = Release|Any CPU
		{C0581DF6-A357-48A1-B41F-2D1310B96652}.Release|Any CPU.Build.0 = Release|Any CPU
	EndGlobalSection
	GlobalSection(SolutionProperties) = preSolution
		HideSolutionNode = FALSE
	EndGlobalSection
	GlobalSection(ExtensibilityGlobals) = postSolution
		SolutionGuid = {D900A5CA-3BCF-475A-B871-880B2E706D71}
	EndGlobalSection
EndGlobal
